{
  "name": "@abyrd9/harbor-cli",
  "version": "0.0.1",
  "lockfileVersion": 3,
  "requires": true,
  "packages": {
    "": {
      "name": "@abyrd9/harbor-cli",
      "version": "0.0.1",
      "license": "MIT",
      "dependencies": {
        "@commander-js/extra-typings": "^12.1.0"
      },
      "bin": {
        "harbor": "dist/index.js"
      },
      "devDependencies": {
        "@types/node": "^22.10.2",
        "bun-types": "latest",
        "typescript": "^5.3.3"
      },
      "engines": {
        "node": ">=18.0.0"
      }
    },
    "node_modules/@commander-js/extra-typings": {
      "version": "12.1.0",
      "resolved": "https://registry.npmjs.org/@commander-js/extra-typings/-/extra-typings-12.1.0.tgz",
      "integrity": "sha512-wf/lwQvWAA0goIghcb91dQYpkLBcyhOhQNqG/VgWhnKzgt+UOMvra7EX/2fv70arm5RW+PUHoQHHDa6/p77Eqg==",
      "license": "MIT",
      "peerDependencies": {
        "commander": "~12.1.0"
      }
    },
    "node_modules/@types/node": {
      "version": "22.10.2",
      "resolved": "https://registry.npmjs.org/@types/node/-/node-22.10.2.tgz",
      "integrity": "sha512-Xxr6BBRCAOQixvonOye19wnzyDiUtTeqldOOmj3CkeblonbccA12PFwlufvRdrpjXxqnmUaeiU5EOA+7s5diUQ==",
      "dev": true,
      "license": "MIT",
      "dependencies": {
        "undici-types": "~6.20.0"
      }
    },
    "node_modules/@types/ws": {
      "version": "8.5.13",
      "dev": true,
      "license": "MIT",
      "dependencies": {
        "@types/node": "*"
      }
    },
    "node_modules/bun-types": {
      "version": "1.1.42",
      "resolved": "https://registry.npmjs.org/bun-types/-/bun-types-1.1.42.tgz",
      "integrity": "sha512-beMbnFqWbbBQHll/bn3phSwmoOQmnX2nt8NI9iOQKFbgR5Z6rlH3YuaMdlid8vp5XGct3/W4QVQBmhoOEoe4nw==",
      "dev": true,
      "license": "MIT",
      "dependencies": {
        "@types/node": "~20.12.8",
        "@types/ws": "~8.5.10"
      }
    },
    "node_modules/bun-types/node_modules/@types/node": {
      "version": "20.12.14",
      "resolved": "https://registry.npmjs.org/@types/node/-/node-20.12.14.tgz",
      "integrity": "sha512-scnD59RpYD91xngrQQLGkE+6UrHUPzeKZWhhjBSa3HSkwjbQc38+q3RoIVEwxQGRw3M+j5hpNAM+lgV3cVormg==",
      "dev": true,
      "license": "MIT",
      "dependencies": {
        "undici-types": "~5.26.4"
      }
    },
    "node_modules/bun-types/node_modules/undici-types": {
      "version": "5.26.5",
      "resolved": "https://registry.npmjs.org/undici-types/-/undici-types-5.26.5.tgz",
      "integrity": "sha512-JlCMO+ehdEIKqlFxk6IfVoAUVmgz7cU7zD/h9XZ0qzeosSHmUJVOzSQvvYSYWXkFXC+IfLKSIffhv0sVZup6pA==",
      "dev": true,
      "license": "MIT"
    },
    "node_modules/commander": {
      "version": "12.1.0",
      "license": "MIT",
      "peer": true,
      "engines": {
        "node": ">=18"
      }
    },
    "node_modules/typescript": {
      "version": "5.7.2",
      "dev": true,
      "license": "Apache-2.0",
      "bin": {
        "tsc": "bin/tsc",
        "tsserver": "bin/tsserver"
      },
      "engines": {
        "node": ">=14.17"
      }
    },
    "node_modules/undici-types": {
      "version": "6.20.0",
      "resolved": "https://registry.npmjs.org/undici-types/-/undici-types-6.20.0.tgz",
      "integrity": "sha512-Ny6QZ2Nju20vw1SRHe3d9jVu6gJ+4e3+MMpqu7pqE5HT6WsTSlce++GQmK5UXS8mzV8DSYHrQH+Xrf2jVcuKNg==",
      "dev": true,
      "license": "MIT"
    }
  }
}
